
Microsoft Visual Studio Solution File, Format Version 12.00
# Visual Studio 2013
VisualStudioVersion = 12.0.21005.1
MinimumVisualStudioVersion = 10.0.40219.1
Project("{FAE04EC0-301F-11D3-BF4B-00C04F79EFBC}") = "FinalProject", "FinalProject\FinalProject.csproj", "{FAF4A33C-03B9-4AE6-812F-A4C191195F15}"
EndProject
Project("{FAE04EC0-301F-11D3-BF4B-00C04F79EFBC}") = "UnitTestFinalProject", "UnitTestFinalProject\UnitTestFinalProject.csproj", "{17E03999-BB71-4D64-82B5-0FF87D07780F}"
EndProject
Project("{6141683F-8A12-4E36-9623-2EB02B2C2303}") = "FinalProjectSetup", "FinalProjectSetup\FinalProjectSetup.isproj", "{121A7622-F8F5-409F-888C-71C822716BDA}"
	ProjectSection(ProjectDependencies) = postProject
		{FAF4A33C-03B9-4AE6-812F-A4C191195F15} = {FAF4A33C-03B9-4AE6-812F-A4C191195F15}
	EndProjectSection
EndProject
Global
	GlobalSection(SolutionConfigurationPlatforms) = preSolution
		CD_ROM|Any CPU = CD_ROM|Any CPU
		CD_ROM|Mixed Platforms = CD_ROM|Mixed Platforms
		CD_ROM|x86 = CD_ROM|x86
		Debug|Any CPU = Debug|Any CPU
		Debug|Mixed Platforms = Debug|Mixed Platforms
		Debug|x86 = Debug|x86
		DVD-5|Any CPU = DVD-5|Any CPU
		DVD-5|Mixed Platforms = DVD-5|Mixed Platforms
		DVD-5|x86 = DVD-5|x86
		Release|Any CPU = Release|Any CPU
		Release|Mixed Platforms = Release|Mixed Platforms
		Release|x86 = Release|x86
		SingleImage|Any CPU = SingleImage|Any CPU
		SingleImage|Mixed Platforms = SingleImage|Mixed Platforms
		SingleImage|x86 = SingleImage|x86
	EndGlobalSection
	GlobalSection(ProjectConfigurationPlatforms) = postSolution
		{FAF4A33C-03B9-4AE6-812F-A4C191195F15}.CD_ROM|Any CPU.ActiveCfg = Aviad|Any CPU
		{FAF4A33C-03B9-4AE6-812F-A4C191195F15}.CD_ROM|Any CPU.Build.0 = Aviad|Any CPU
		{FAF4A33C-03B9-4AE6-812F-A4C191195F15}.CD_ROM|Mixed Platforms.ActiveCfg = Aviad|x86
		{FAF4A33C-03B9-4AE6-812F-A4C191195F15}.CD_ROM|Mixed Platforms.Build.0 = Aviad|x86
		{FAF4A33C-03B9-4AE6-812F-A4C191195F15}.CD_ROM|x86.ActiveCfg = Aviad|x86
		{FAF4A33C-03B9-4AE6-812F-A4C191195F15}.CD_ROM|x86.Build.0 = Aviad|x86
		{FAF4A33C-03B9-4AE6-812F-A4C191195F15}.Debug|Any CPU.ActiveCfg = Debug|Any CPU
		{FAF4A33C-03B9-4AE6-812F-A4C191195F15}.Debug|Any CPU.Build.0 = Debug|Any CPU
		{FAF4A33C-03B9-4AE6-812F-A4C191195F15}.Debug|Mixed Platforms.ActiveCfg = Debug|x86
		{FAF4A33C-03B9-4AE6-812F-A4C191195F15}.Debug|Mixed Platforms.Build.0 = Debug|x86
		{FAF4A33C-03B9-4AE6-812F-A4C191195F15}.Debug|x86.ActiveCfg = Debug|x86
		{FAF4A33C-03B9-4AE6-812F-A4C191195F15}.Debug|x86.Build.0 = Debug|x86
		{FAF4A33C-03B9-4AE6-812F-A4C191195F15}.DVD-5|Any CPU.ActiveCfg = Debug|Any CPU
		{FAF4A33C-03B9-4AE6-812F-A4C191195F15}.DVD-5|Any CPU.Build.0 = Debug|Any CPU
		{FAF4A33C-03B9-4AE6-812F-A4C191195F15}.DVD-5|Mixed Platforms.ActiveCfg = Debug|x86
		{FAF4A33C-03B9-4AE6-812F-A4C191195F15}.DVD-5|Mixed Platforms.Build.0 = Debug|x86
		{FAF4A33C-03B9-4AE6-812F-A4C191195F15}.DVD-5|x86.ActiveCfg = Debug|x86
		{FAF4A33C-03B9-4AE6-812F-A4C191195F15}.DVD-5|x86.Build.0 = Debug|x86
		{FAF4A33C-03B9-4AE6-812F-A4C191195F15}.Release|Any CPU.ActiveCfg = Release|x86
		{FAF4A33C-03B9-4AE6-812F-A4C191195F15}.Release|Any CPU.Build.0 = Release|x86
		{FAF4A33C-03B9-4AE6-812F-A4C191195F15}.Release|Any CPU.Deploy.0 = Release|x86
		{FAF4A33C-03B9-4AE6-812F-A4C191195F15}.Release|Mixed Platforms.ActiveCfg = Release|x86
		{FAF4A33C-03B9-4AE6-812F-A4C191195F15}.Release|Mixed Platforms.Build.0 = Release|x86
		{FAF4A33C-03B9-4AE6-812F-A4C191195F15}.Release|x86.ActiveCfg = Release|x86
		{FAF4A33C-03B9-4AE6-812F-A4C191195F15}.Release|x86.Build.0 = Release|x86
		{FAF4A33C-03B9-4AE6-812F-A4C191195F15}.SingleImage|Any CPU.ActiveCfg = Aviad|Any CPU
		{FAF4A33C-03B9-4AE6-812F-A4C191195F15}.SingleImage|Any CPU.Build.0 = Aviad|Any CPU
		{FAF4A33C-03B9-4AE6-812F-A4C191195F15}.SingleImage|Mixed Platforms.ActiveCfg = Aviad|x86
		{FAF4A33C-03B9-4AE6-812F-A4C191195F15}.SingleImage|Mixed Platforms.Build.0 = Aviad|x86
		{FAF4A33C-03B9-4AE6-812F-A4C191195F15}.SingleImage|x86.ActiveCfg = Aviad|x86
		{FAF4A33C-03B9-4AE6-812F-A4C191195F15}.SingleImage|x86.Build.0 = Aviad|x86
		{17E03999-BB71-4D64-82B5-0FF87D07780F}.CD_ROM|Any CPU.ActiveCfg = Release|Any CPU
		{17E03999-BB71-4D64-82B5-0FF87D07780F}.CD_ROM|Any CPU.Build.0 = Release|Any CPU
		{17E03999-BB71-4D64-82B5-0FF87D07780F}.CD_ROM|Mixed Platforms.ActiveCfg = Release|Any CPU
		{17E03999-BB71-4D64-82B5-0FF87D07780F}.CD_ROM|Mixed Platforms.Build.0 = Release|Any CPU
		{17E03999-BB71-4D64-82B5-0FF87D07780F}.CD_ROM|x86.ActiveCfg = Release|Any CPU
		{17E03999-BB71-4D64-82B5-0FF87D07780F}.Debug|Any CPU.ActiveCfg = Debug|Any CPU
		{17E03999-BB71-4D64-82B5-0FF87D07780F}.Debug|Any CPU.Build.0 = Debug|Any CPU
		{17E03999-BB71-4D64-82B5-0FF87D07780F}.Debug|Mixed Platforms.ActiveCfg = Debug|Any CPU
		{17E03999-BB71-4D64-82B5-0FF87D07780F}.Debug|Mixed Platforms.Build.0 = Debug|Any CPU
		{17E03999-BB71-4D64-82B5-0FF87D07780F}.Debug|x86.ActiveCfg = Debug|Any CPU
		{17E03999-BB71-4D64-82B5-0FF87D07780F}.DVD-5|Any CPU.ActiveCfg = Debug|Any CPU
		{17E03999-BB71-4D64-82B5-0FF87D07780F}.DVD-5|Any CPU.Build.0 = Debug|Any CPU
		{17E03999-BB71-4D64-82B5-0FF87D07780F}.DVD-5|Mixed Platforms.ActiveCfg = Debug|Any CPU
		{17E03999-BB71-4D64-82B5-0FF87D07780F}.DVD-5|Mixed Platforms.Build.0 = Debug|Any CPU
		{17E03999-BB71-4D64-82B5-0FF87D07780F}.DVD-5|x86.ActiveCfg = Debug|Any CPU
		{17E03999-BB71-4D64-82B5-0FF87D07780F}.Release|Any CPU.ActiveCfg = Release|Any CPU
		{17E03999-BB71-4D64-82B5-0FF87D07780F}.Release|Any CPU.Build.0 = Release|Any CPU
		{17E03999-BB71-4D64-82B5-0FF87D07780F}.Release|Mixed Platforms.ActiveCfg = Release|Any CPU
		{17E03999-BB71-4D64-82B5-0FF87D07780F}.Release|Mixed Platforms.Build.0 = Release|Any CPU
		{17E03999-BB71-4D64-82B5-0FF87D07780F}.Release|x86.ActiveCfg = Release|Any CPU
		{17E03999-BB71-4D64-82B5-0FF87D07780F}.SingleImage|Any CPU.ActiveCfg = Release|Any CPU
		{17E03999-BB71-4D64-82B5-0FF87D07780F}.SingleImage|Any CPU.Build.0 = Release|Any CPU
		{17E03999-BB71-4D64-82B5-0FF87D07780F}.SingleImage|Mixed Platforms.ActiveCfg = Release|Any CPU
		{17E03999-BB71-4D64-82B5-0FF87D07780F}.SingleImage|Mixed Platforms.Build.0 = Release|Any CPU
		{17E03999-BB71-4D64-82B5-0FF87D07780F}.SingleImage|x86.ActiveCfg = Release|Any CPU
		{121A7622-F8F5-409F-888C-71C822716BDA}.CD_ROM|Any CPU.ActiveCfg = CD_ROM
		{121A7622-F8F5-409F-888C-71C822716BDA}.CD_ROM|Any CPU.Build.0 = CD_ROM
		{121A7622-F8F5-409F-888C-71C822716BDA}.CD_ROM|Mixed Platforms.ActiveCfg = CD_ROM
		{121A7622-F8F5-409F-888C-71C822716BDA}.CD_ROM|Mixed Platforms.Build.0 = CD_ROM
		{121A7622-F8F5-409F-888C-71C822716BDA}.CD_ROM|x86.ActiveCfg = CD_ROM
		{121A7622-F8F5-409F-888C-71C822716BDA}.CD_ROM|x86.Build.0 = CD_ROM
		{121A7622-F8F5-409F-888C-71C822716BDA}.Debug|Any CPU.ActiveCfg = DVD-5
		{121A7622-F8F5-409F-888C-71C822716BDA}.Debug|Any CPU.Build.0 = DVD-5
		{121A7622-F8F5-409F-888C-71C822716BDA}.Debug|Mixed Platforms.ActiveCfg = DVD-5
		{121A7622-F8F5-409F-888C-71C822716BDA}.Debug|Mixed Platforms.Build.0 = DVD-5
		{121A7622-F8F5-409F-888C-71C822716BDA}.Debug|x86.ActiveCfg = DVD-5
		{121A7622-F8F5-409F-888C-71C822716BDA}.Debug|x86.Build.0 = DVD-5
		{121A7622-F8F5-409F-888C-71C822716BDA}.DVD-5|Any CPU.ActiveCfg = DVD-5
		{121A7622-F8F5-409F-888C-71C822716BDA}.DVD-5|Any CPU.Build.0 = DVD-5
		{121A7622-F8F5-409F-888C-71C822716BDA}.DVD-5|Mixed Platforms.ActiveCfg = DVD-5
		{121A7622-F8F5-409F-888C-71C822716BDA}.DVD-5|Mixed Platforms.Build.0 = DVD-5
		{121A7622-F8F5-409F-888C-71C822716BDA}.DVD-5|x86.ActiveCfg = DVD-5
		{121A7622-F8F5-409F-888C-71C822716BDA}.DVD-5|x86.Build.0 = DVD-5
		{121A7622-F8F5-409F-888C-71C822716BDA}.Release|Any CPU.ActiveCfg = SingleImage
		{121A7622-F8F5-409F-888C-71C822716BDA}.Release|Any CPU.Build.0 = SingleImage
		{121A7622-F8F5-409F-888C-71C822716BDA}.Release|Mixed Platforms.ActiveCfg = SingleImage
		{121A7622-F8F5-409F-888C-71C822716BDA}.Release|Mixed Platforms.Build.0 = SingleImage
		{121A7622-F8F5-409F-888C-71C822716BDA}.Release|x86.ActiveCfg = SingleImage
		{121A7622-F8F5-409F-888C-71C822716BDA}.Release|x86.Build.0 = SingleImage
		{121A7622-F8F5-409F-888C-71C822716BDA}.SingleImage|Any CPU.ActiveCfg = SingleImage
		{121A7622-F8F5-409F-888C-71C822716BDA}.SingleImage|Any CPU.Build.0 = SingleImage
		{121A7622-F8F5-409F-888C-71C822716BDA}.SingleImage|Mixed Platforms.ActiveCfg = SingleImage
		{121A7622-F8F5-409F-888C-71C822716BDA}.SingleImage|Mixed Platforms.Build.0 = SingleImage
		{121A7622-F8F5-409F-888C-71C822716BDA}.SingleImage|x86.ActiveCfg = SingleImage
		{121A7622-F8F5-409F-888C-71C822716BDA}.SingleImage|x86.Build.0 = SingleImage
	EndGlobalSection
	GlobalSection(SolutionProperties) = preSolution
		HideSolutionNode = FALSE
	EndGlobalSection
EndGlobal
